# THIS IS AN AUTOGENERATED FILE. DO NOT EDIT THIS FILE DIRECTLY.
# yarn lockfile v1


assertion-error@^2.0.1:
  version "2.0.1"
  resolved "https://registry.yarnpkg.com/assertion-error/-/assertion-error-2.0.1.tgz#f641a196b335690b1070bf00b6e7593fec190bf7"
  integrity sha512-Izi8RQcffqCeNVgFigKli1ssklIbpHnCYc6AknXGYoB6grJqyeby7jv12JUQgmTAnIDnbck1uxksT4dzN3PWBA==

chai@^5.1.2:
  version "5.1.2"
  resolved "https://registry.yarnpkg.com/chai/-/chai-5.1.2.tgz#3afbc340b994ae3610ca519a6c70ace77ad4378d"
  integrity sha512-aGtmf24DW6MLHHG5gCx4zaI3uBq3KRtxeVs0DjFH6Z0rDNbsvTxFASFvdj79pxjxZ8/5u3PIiN3IwEIQkiiuPw==
  dependencies:
    assertion-error "^2.0.1"
    check-error "^2.1.1"
    deep-eql "^5.0.1"
    loupe "^3.1.0"
    pathval "^2.0.0"

check-error@^2.1.1:
  version "2.1.1"
  resolved "https://registry.yarnpkg.com/check-error/-/check-error-2.1.1.tgz#87eb876ae71ee388fa0471fe423f494be1d96ccc"
  integrity sha512-OAlb+T7V4Op9OwdkjmguYRqncdlx5JiofwOAUkmTF+jNdHwzTaTs4sRAGpzLF3oOz5xAyDGrPgeIDFQmDOTiJw==

deep-eql@^5.0.1:
  version "5.0.2"
  resolved "https://registry.yarnpkg.com/deep-eql/-/deep-eql-5.0.2.tgz#4b756d8d770a9257300825d52a2c2cff99c3a341"
  integrity sha512-h5k/5U50IJJFpzfL6nO9jaaumfjO/f2NjK/oYB2Djzm4p9L+3T9qWpZqZ2hAbLPuuYq9wrU08WQyBTL5GbPk5Q==

loupe@^3.1.0:
  version "3.1.2"
  resolved "https://registry.yarnpkg.com/loupe/-/loupe-3.1.2.tgz#c86e0696804a02218f2206124c45d8b15291a240"
  integrity sha512-23I4pFZHmAemUnz8WZXbYRSKYj801VDaNv9ETuMh7IrMc7VuVVSo+Z9iLE3ni30+U48iDWfi30d3twAXBYmnCg==

pathval@^2.0.0:
  version "2.0.0"
  resolved "https://registry.yarnpkg.com/pathval/-/pathval-2.0.0.tgz#7e2550b422601d4f6b8e26f1301bc8f15a741a25"
  integrity sha512-vE7JKRyES09KiunauX7nd2Q9/L7lhok4smP9RZTDeD4MVs72Dp2qNFVz39Nz5a0FVEW0BJR6C0DYrq6unoziZA==
